// !$*UTF8*$!
{
	archiveVersion = 1;
	classes = {
	};
	objectVersion = 50;
	objects = {

/* Begin PBXBuildFile section */
		07B3884D25AF213E000BD0CF /* FintechAppApp.swift in Sources */ = {isa = PBXBuildFile; fileRef = 07B3884C25AF213E000BD0CF /* FintechAppApp.swift */; };
		07B3884F25AF213E000BD0CF /* ContentView.swift in Sources */ = {isa = PBXBuildFile; fileRef = 07B3884E25AF213E000BD0CF /* ContentView.swift */; };
		07B3885125AF2141000BD0CF /* Assets.xcassets in Resources */ = {isa = PBXBuildFile; fileRef = 07B3885025AF2141000BD0CF /* Assets.xcassets */; };
		07B3885425AF2141000BD0CF /* Preview Assets.xcassets in Resources */ = {isa = PBXBuildFile; fileRef = 07B3885325AF2141000BD0CF /* Preview Assets.xcassets */; };
		07B3885F25AF2142000BD0CF /* FintechAppTests.swift in Sources */ = {isa = PBXBuildFile; fileRef = 07B3885E25AF2142000BD0CF /* FintechAppTests.swift */; };
		07B3886A25AF2142000BD0CF /* FintechAppUITests.swift in Sources */ = {isa = PBXBuildFile; fileRef = 07B3886925AF2142000BD0CF /* FintechAppUITests.swift */; };
/* End PBXBuildFile section */

/* Begin PBXContainerItemProxy section */
		07B3885B25AF2142000BD0CF /* PBXContainerItemProxy */ = {
			isa = PBXContainerItemProxy;
			containerPortal = 07B3884125AF213E000BD0CF /* Project object */;
			proxyType = 1;
			remoteGlobalIDString = 07B3884825AF213E000BD0CF;
			remoteInfo = FintechApp;
		};
		07B3886625AF2142000BD0CF /* PBXContainerItemProxy */ = {
			isa = PBXContainerItemProxy;
			containerPortal = 07B3884125AF213E000BD0CF /* Project object */;
			proxyType = 1;
			remoteGlobalIDString = 07B3884825AF213E000BD0CF;
			remoteInfo = FintechApp;
		};
/* End PBXContainerItemProxy section */

/* Begin PBXFileReference section */
		07B3884925AF213E000BD0CF /* FintechApp.app */ = {isa = PBXFileReference; explicitFileType = wrapper.application; includeInIndex = 0; path = FintechApp.app; sourceTree = BUILT_PRODUCTS_DIR; };
		07B3884C25AF213E000BD0CF /* FintechAppApp.swift */ = {isa = PBXFileReference; lastKnownFileType = sourcecode.swift; path = FintechAppApp.swift; sourceTree = "<group>"; };
		07B3884E25AF213E000BD0CF /* ContentView.swift */ = {isa = PBXFileReference; lastKnownFileType = sourcecode.swift; path = ContentView.swift; sourceTree = "<group>"; };
		07B3885025AF2141000BD0CF /* Assets.xcassets */ = {isa = PBXFileReference; lastKnownFileType = folder.assetcatalog; path = Assets.xcassets; sourceTree = "<group>"; };
		07B3885325AF2141000BD0CF /* Preview Assets.xcassets */ = {isa = PBXFileReference; lastKnownFileType = folder.assetcatalog; path = "Preview Assets.xcassets"; sourceTree = "<group>"; };
		07B3885525AF2141000BD0CF /* Info.plist */ = {isa = PBXFileReference; lastKnownFileType = text.plist.xml; path = Info.plist; sourceTree = "<group>"; };
		07B3885A25AF2142000BD0CF /* FintechAppTests.xctest */ = {isa = PBXFileReference; explicitFileType = wrapper.cfbundle; includeInIndex = 0; path = FintechAppTests.xctest; sourceTree = BUILT_PRODUCTS_DIR; };
		07B3885E25AF2142000BD0CF /* FintechAppTests.swift */ = {isa = PBXFileReference; lastKnownFileType = sourcecode.swift; path = FintechAppTests.swift; sourceTree = "<group>"; };
		07B3886025AF2142000BD0CF /* Info.plist */ = {isa = PBXFileReference; lastKnownFileType = text.plist.xml; path = Info.plist; sourceTree = "<group>"; };
		07B3886525AF2142000BD0CF /* FintechAppUITests.xctest */ = {isa = PBXFileReference; explicitFileType = wrapper.cfbundle; includeInIndex = 0; path = FintechAppUITests.xctest; sourceTree = BUILT_PRODUCTS_DIR; };
		07B3886925AF2142000BD0CF /* FintechAppUITests.swift */ = {isa = PBXFileReference; lastKnownFileType = sourcecode.swift; path = FintechAppUITests.swift; sourceTree = "<group>"; };
		07B3886B25AF2142000BD0CF /* Info.plist */ = {isa = PBXFileReference; lastKnownFileType = text.plist.xml; path = Info.plist; sourceTree = "<group>"; };
/* End PBXFileReference section */

/* Begin PBXFrameworksBuildPhase section */
		07B3884625AF213E000BD0CF /* Frameworks */ = {
			isa = PBXFrameworksBuildPhase;
			buildActionMask = 2147483647;
			files = (
			);
			runOnlyForDeploymentPostprocessing = 0;
		};
		07B3885725AF2142000BD0CF /* Frameworks */ = {
			isa = PBXFrameworksBuildPhase;
			buildActionMask = 2147483647;
			files = (
			);
			runOnlyForDeploymentPostprocessing = 0;
		};
		07B3886225AF2142000BD0CF /* Frameworks */ = {
			isa = PBXFrameworksBuildPhase;
			buildActionMask = 2147483647;
			files = (
			);
			runOnlyForDeploymentPostprocessing = 0;
		};
/* End PBXFrameworksBuildPhase section */

/* Begin PBXGroup section */
		07B3884025AF213E000BD0CF = {
			isa = PBXGroup;
			children = (
				07B3884B25AF213E000BD0CF /* FintechApp */,
				07B3885D25AF2142000BD0CF /* FintechAppTests */,
				07B3886825AF2142000BD0CF /* FintechAppUITests */,
				07B3884A25AF213E000BD0CF /* Products */,
			);
			sourceTree = "<group>";
		};
		07B3884A25AF213E000BD0CF /* Products */ = {
			isa = PBXGroup;
			children = (
				07B3884925AF213E000BD0CF /* FintechApp.app */,
				07B3885A25AF2142000BD0CF /* FintechAppTests.xctest */,
				07B3886525AF2142000BD0CF /* FintechAppUITests.xctest */,
			);
			name = Products;
			sourceTree = "<group>";
		};
		07B3884B25AF213E000BD0CF /* FintechApp */ = {
			isa = PBXGroup;
			children = (
				07B3884C25AF213E000BD0CF /* FintechAppApp.swift */,
				07B3884E25AF213E000BD0CF /* ContentView.swift */,
				07B3885025AF2141000BD0CF /* Assets.xcassets */,
				07B3885525AF2141000BD0CF /* Info.plist */,
				07B3885225AF2141000BD0CF /* Preview Content */,
			);
			path = FintechApp;
			sourceTree = "<group>";
		};
		07B3885225AF2141000BD0CF /* Preview Content */ = {
			isa = PBXGroup;
			children = (
				07B3885325AF2141000BD0CF /* Preview Assets.xcassets */,
			);
			path = "Preview Content";
			sourceTree = "<group>";
		};
		07B3885D25AF2142000BD0CF /* FintechAppTests */ = {
			isa = PBXGroup;
			children = (
				07B3885E25AF2142000BD0CF /* FintechAppTests.swift */,
				07B3886025AF2142000BD0CF /* Info.plist */,
			);
			path = FintechAppTests;
			sourceTree = "<group>";
		};
		07B3886825AF2142000BD0CF /* FintechAppUITests */ = {
			isa = PBXGroup;
			children = (
				07B3886925AF2142000BD0CF /* FintechAppUITests.swift */,
				07B3886B25AF2142000BD0CF /* Info.plist */,
			);
			path = FintechAppUITests;
			sourceTree = "<group>";
		};
/* End PBXGroup section */

/* Begin PBXNativeTarget section */
		07B3884825AF213E000BD0CF /* FintechApp */ = {
			isa = PBXNativeTarget;
			buildConfigurationList = 07B3886E25AF2142000BD0CF /* Build configuration list for PBXNativeTarget "FintechApp" */;
			buildPhases = (
				07B3884525AF213E000BD0CF /* Sources */,
				07B3884625AF213E000BD0CF /* Frameworks */,
				07B3884725AF213E000BD0CF /* Resources */,
			);
			buildRules = (
			);
			dependencies = (
			);
			name = FintechApp;
			productName = FintechApp;
			productReference = 07B3884925AF213E000BD0CF /* FintechApp.app */;
			productType = "com.apple.product-type.application";
		};
		07B3885925AF2142000BD0CF /* FintechAppTests */ = {
			isa = PBXNativeTarget;
			buildConfigurationList = 07B3887125AF2142000BD0CF /* Build configuration list for PBXNativeTarget "FintechAppTests" */;
			buildPhases = (
				07B3885625AF2142000BD0CF /* Sources */,
				07B3885725AF2142000BD0CF /* Frameworks */,
				07B3885825AF2142000BD0CF /* Resources */,
			);
			buildRules = (
			);
			dependencies = (
				07B3885C25AF2142000BD0CF /* PBXTargetDependency */,
			);
			name = FintechAppTests;
			productName = FintechAppTests;
			productReference = 07B3885A25AF2142000BD0CF /* FintechAppTests.xctest */;
			productType = "com.apple.product-type.bundle.unit-test";
		};
		07B3886425AF2142000BD0CF /* FintechAppUITests */ = {
			isa = PBXNativeTarget;
			buildConfigurationList = 07B3887425AF2142000BD0CF /* Build configuration list for PBXNativeTarget "FintechAppUITests" */;
			buildPhases = (
				07B3886125AF2142000BD0CF /* Sources */,
				07B3886225AF2142000BD0CF /* Frameworks */,
				07B3886325AF2142000BD0CF /* Resources */,
			);
			buildRules = (
			);
			dependencies = (
				07B3886725AF2142000BD0CF /* PBXTargetDependency */,
			);
			name = FintechAppUITests;
			productName = FintechAppUITests;
			productReference = 07B3886525AF2142000BD0CF /* FintechAppUITests.xctest */;
			productType = "com.apple.product-type.bundle.ui-testing";
		};
/* End PBXNativeTarget section */

/* Begin PBXProject section */
		07B3884125AF213E000BD0CF /* Project object */ = {
			isa = PBXProject;
			attributes = {
				LastSwiftUpdateCheck = 1230;
				LastUpgradeCheck = 1230;
				TargetAttributes = {
					07B3884825AF213E000BD0CF = {
						CreatedOnToolsVersion = 12.3;
					};
					07B3885925AF2142000BD0CF = {
						CreatedOnToolsVersion = 12.3;
						TestTargetID = 07B3884825AF213E000BD0CF;
					};
					07B3886425AF2142000BD0CF = {
						CreatedOnToolsVersion = 12.3;
						TestTargetID = 07B3884825AF213E000BD0CF;
					};
				};
			};
			buildConfigurationList = 07B3884425AF213E000BD0CF /* Build configuration list for PBXProject "FintechApp" */;
			compatibilityVersion = "Xcode 9.3";
			developmentRegion = en;
			hasScannedForEncodings = 0;
			knownRegions = (
				en,
				Base,
			);
			mainGroup = 07B3884025AF213E000BD0CF;
			productRefGroup = 07B3884A25AF213E000BD0CF /* Products */;
			projectDirPath = "";
			projectRoot = "";
			targets = (
				07B3884825AF213E000BD0CF /* FintechApp */,
				07B3885925AF2142000BD0CF /* FintechAppTests */,
				07B3886425AF2142000BD0CF /* FintechAppUITests */,
			);
		};
/* End PBXProject section */

/* Begin PBXResourcesBuildPhase section */
		07B3884725AF213E000BD0CF /* Resources */ = {
			isa = PBXResourcesBuildPhase;
			buildActionMask = 2147483647;
			files = (
				07B3885425AF2141000BD0CF /* Preview Assets.xcassets in Resources */,
				07B3885125AF2141000BD0CF /* Assets.xcassets in Resources */,
			);
			runOnlyForDeploymentPostprocessing = 0;
		};
		07B3885825AF2142000BD0CF /* Resources */ = {
			isa = PBXResourcesBuildPhase;
			buildActionMask = 2147483647;
			files = (
			);
			runOnlyForDeploymentPostprocessing = 0;
		};
		07B3886325AF2142000BD0CF /* Resources */ = {
			isa = PBXResourcesBuildPhase;
			buildActionMask = 2147483647;
			files = (
			);
			runOnlyForDeploymentPostprocessing = 0;
		};
/* End PBXResourcesBuildPhase section */

/* Begin PBXSourcesBuildPhase section */
		07B3884525AF213E000BD0CF /* Sources */ = {
			isa = PBXSourcesBuildPhase;
			buildActionMask = 2147483647;
			files = (
				07B3884F25AF213E000BD0CF /* ContentView.swift in Sources */,
				07B3884D25AF213E000BD0CF /* FintechAppApp.swift in Sources */,
			);
			runOnlyForDeploymentPostprocessing = 0;
		};
		07B3885625AF2142000BD0CF /* Sources */ = {
			isa = PBXSourcesBuildPhase;
			buildActionMask = 2147483647;
			files = (
				07B3885F25AF2142000BD0CF /* FintechAppTests.swift in Sources */,
			);
			runOnlyForDeploymentPostprocessing = 0;
		};
		07B3886125AF2142000BD0CF /* Sources */ = {
			isa = PBXSourcesBuildPhase;
			buildActionMask = 2147483647;
			files = (
				07B3886A25AF2142000BD0CF /* FintechAppUITests.swift in Sources */,
			);
			runOnlyForDeploymentPostprocessing = 0;
		};
/* End PBXSourcesBuildPhase section */

/* Begin PBXTargetDependency section */
		07B3885C25AF2142000BD0CF /* PBXTargetDependency */ = {
			isa = PBXTargetDependency;
			target = 07B3884825AF213E000BD0CF /* FintechApp */;
			targetProxy = 07B3885B25AF2142000BD0CF /* PBXContainerItemProxy */;
		};
		07B3886725AF2142000BD0CF /* PBXTargetDependency */ = {
			isa = PBXTargetDependency;
			target = 07B3884825AF213E000BD0CF /* FintechApp */;
			targetProxy = 07B3886625AF2142000BD0CF /* PBXContainerItemProxy */;
		};
/* End PBXTargetDependency section */

/* Begin XCBuildConfiguration section */
		07B3886C25AF2142000BD0CF /* Debug */ = {
			isa = XCBuildConfiguration;
			buildSettings = {
				ALWAYS_SEARCH_USER_PATHS = NO;
				CLANG_ANALYZER_NONNULL = YES;
				CLANG_ANALYZER_NUMBER_OBJECT_CONVERSION = YES_AGGRESSIVE;
				CLANG_CXX_LANGUAGE_STANDARD = "gnu++14";
				CLANG_CXX_LIBRARY = "libc++";
				CLANG_ENABLE_MODULES = YES;
				CLANG_ENABLE_OBJC_ARC = YES;
				CLANG_ENABLE_OBJC_WEAK = YES;
				CLANG_WARN_BLOCK_CAPTURE_AUTORELEASING = YES;
				CLANG_WARN_BOOL_CONVERSION = YES;
				CLANG_WARN_COMMA = YES;
				CLANG_WARN_CONSTANT_CONVERSION = YES;
				CLANG_WARN_DEPRECATED_OBJC_IMPLEMENTATIONS = YES;
				CLANG_WARN_DIRECT_OBJC_ISA_USAGE = YES_ERROR;
				CLANG_WARN_DOCUMENTATION_COMMENTS = YES;
				CLANG_WARN_EMPTY_BODY = YES;
				CLANG_WARN_ENUM_CONVERSION = YES;
				CLANG_WARN_INFINITE_RECURSION = YES;
				CLANG_WARN_INT_CONVERSION = YES;
				CLANG_WARN_NON_LITERAL_NULL_CONVERSION = YES;
				CLANG_WARN_OBJC_IMPLICIT_RETAIN_SELF = YES;
				CLANG_WARN_OBJC_LITERAL_CONVERSION = YES;
				CLANG_WARN_OBJC_ROOT_CLASS = YES_ERROR;
				CLANG_WARN_QUOTED_INCLUDE_IN_FRAMEWORK_HEADER = YES;
				CLANG_WARN_RANGE_LOOP_ANALYSIS = YES;
				CLANG_WARN_STRICT_PROTOTYPES = YES;
				CLANG_WARN_SUSPICIOUS_MOVE = YES;
				CLANG_WARN_UNGUARDED_AVAILABILITY = YES_AGGRESSIVE;
				CLANG_WARN_UNREACHABLE_CODE = YES;
				CLANG_WARN__DUPLICATE_METHOD_MATCH = YES;
				COPY_PHASE_STRIP = NO;
				DEBUG_INFORMATION_FORMAT = dwarf;
				ENABLE_STRICT_OBJC_MSGSEND = YES;
				ENABLE_TESTABILITY = YES;
				GCC_C_LANGUAGE_STANDARD = gnu11;
				GCC_DYNAMIC_NO_PIC = NO;
				GCC_NO_COMMON_BLOCKS = YES;
				GCC_OPTIMIZATION_LEVEL = 0;
				GCC_PREPROCESSOR_DEFINITIONS = (
					"DEBUG=1",
					"$(inherited)",
				);
				GCC_WARN_64_TO_32_BIT_CONVERSION = YES;
				GCC_WARN_ABOUT_RETURN_TYPE = YES_ERROR;
				GCC_WARN_UNDECLARED_SELECTOR = YES;
				GCC_WARN_UNINITIALIZED_AUTOS = YES_AGGRESSIVE;
				GCC_WARN_UNUSED_FUNCTION = YES;
				GCC_WARN_UNUSED_VARIABLE = YES;
				IPHONEOS_DEPLOYMENT_TARGET = 14.3;
				MTL_ENABLE_DEBUG_INFO = INCLUDE_SOURCE;
				MTL_FAST_MATH = YES;
				ONLY_ACTIVE_ARCH = YES;
				SDKROOT = iphoneos;
				SWIFT_ACTIVE_COMPILATION_CONDITIONS = DEBUG;
				SWIFT_OPTIMIZATION_LEVEL = "-Onone";
			};
			name = Debug;
		};
		07B3886D25AF2142000BD0CF /* Release */ = {
			isa = XCBuildConfiguration;
			buildSettings = {
				ALWAYS_SEARCH_USER_PATHS = NO;
				CLANG_ANALYZER_NONNULL = YES;
				CLANG_ANALYZER_NUMBER_OBJECT_CONVERSION = YES_AGGRESSIVE;
				CLANG_CXX_LANGUAGE_STANDARD = "gnu++14";
				CLANG_CXX_LIBRARY = "libc++";
				CLANG_ENABLE_MODULES = YES;
				CLANG_ENABLE_OBJC_ARC = YES;
				CLANG_ENABLE_OBJC_WEAK = YES;
				CLANG_WARN_BLOCK_CAPTURE_AUTORELEASING = YES;
				CLANG_WARN_BOOL_CONVERSION = YES;
				CLANG_WARN_COMMA = YES;
				CLANG_WARN_CONSTANT_CONVERSION = YES;
				CLANG_WARN_DEPRECATED_OBJC_IMPLEMENTATIONS = YES;
				CLANG_WARN_DIRECT_OBJC_ISA_USAGE = YES_ERROR;
				CLANG_WARN_DOCUMENTATION_COMMENTS = YES;
				CLANG_WARN_EMPTY_BODY = YES;
				CLANG_WARN_ENUM_CONVERSION = YES;
				CLANG_WARN_INFINITE_RECURSION = YES;
				CLANG_WARN_INT_CONVERSION = YES;
				CLANG_WARN_NON_LITERAL_NULL_CONVERSION = YES;
				CLANG_WARN_OBJC_IMPLICIT_RETAIN_SELF = YES;
				CLANG_WARN_OBJC_LITERAL_CONVERSION = YES;
				CLANG_WARN_OBJC_ROOT_CLASS = YES_ERROR;
				CLANG_WARN_QUOTED_INCLUDE_IN_FRAMEWORK_HEADER = YES;
				CLANG_WARN_RANGE_LOOP_ANALYSIS = YES;
				CLANG_WARN_STRICT_PROTOTYPES = YES;
				CLANG_WARN_SUSPICIOUS_MOVE = YES;
				CLANG_WARN_UNGUARDED_AVAILABILITY = YES_AGGRESSIVE;
				CLANG_WARN_UNREACHABLE_CODE = YES;
				CLANG_WARN__DUPLICATE_METHOD_MATCH = YES;
				COPY_PHASE_STRIP = NO;
				DEBUG_INFORMATION_FORMAT = "dwarf-with-dsym";
				ENABLE_NS_ASSERTIONS = NO;
				ENABLE_STRICT_OBJC_MSGSEND = YES;
				GCC_C_LANGUAGE_STANDARD = gnu11;
				GCC_NO_COMMON_BLOCKS = YES;
				GCC_WARN_64_TO_32_BIT_CONVERSION = YES;
				GCC_WARN_ABOUT_RETURN_TYPE = YES_ERROR;
				GCC_WARN_UNDECLARED_SELECTOR = YES;
				GCC_WARN_UNINITIALIZED_AUTOS = YES_AGGRESSIVE;
				GCC_WARN_UNUSED_FUNCTION = YES;
				GCC_WARN_UNUSED_VARIABLE = YES;
				IPHONEOS_DEPLOYMENT_TARGET = 14.3;
				MTL_ENABLE_DEBUG_INFO = NO;
				MTL_FAST_MATH = YES;
				SDKROOT = iphoneos;
				SWIFT_COMPILATION_MODE = wholemodule;
				SWIFT_OPTIMIZATION_LEVEL = "-O";
				VALIDATE_PRODUCT = YES;
			};
			name = Release;
		};
		07B3886F25AF2142000BD0CF /* Debug */ = {
			isa = XCBuildConfiguration;
			buildSettings = {
				ASSETCATALOG_COMPILER_APPICON_NAME = AppIcon;
				ASSETCATALOG_COMPILER_GLOBAL_ACCENT_COLOR_NAME = AccentColor;
				CODE_SIGN_STYLE = Automatic;
				DEVELOPMENT_ASSET_PATHS = "\"FintechApp/Preview Content\"";
				ENABLE_PREVIEWS = YES;
				INFOPLIST_FILE = FintechApp/Info.plist;
				IPHONEOS_DEPLOYMENT_TARGET = 14.0;
				LD_RUNPATH_SEARCH_PATHS = (
					"$(inherited)",
					"@executable_path/Frameworks",
				);
				PRODUCT_BUNDLE_IDENTIFIER = me.FintechApp;
				PRODUCT_NAME = "$(TARGET_NAME)";
				SWIFT_VERSION = 5.0;
				TARGETED_DEVICE_FAMILY = "1,2";
			};
			name = Debug;
		};
		07B3887025AF2142000BD0CF /* Release */ = {
			isa = XCBuildConfiguration;
			buildSettings = {
				ASSETCATALOG_COMPILER_APPICON_NAME = AppIcon;
				ASSETCATALOG_COMPILER_GLOBAL_ACCENT_COLOR_NAME = AccentColor;
				CODE_SIGN_STYLE = Automatic;
				DEVELOPMENT_ASSET_PATHS = "\"FintechApp/Preview Content\"";
				ENABLE_PREVIEWS = YES;
				INFOPLIST_FILE = FintechApp/Info.plist;
				IPHONEOS_DEPLOYMENT_TARGET = 14.0;
				LD_RUNPATH_SEARCH_PATHS = (
					"$(inherited)",
					"@executable_path/Frameworks",
				);
				PRODUCT_BUNDLE_IDENTIFIER = me.FintechApp;
				PRODUCT_NAME = "$(TARGET_NAME)";
				SWIFT_VERSION = 5.0;
				TARGETED_DEVICE_FAMILY = "1,2";
			};
			name = Release;
		};
		07B3887225AF2142000BD0CF /* Debug */ = {
			isa = XCBuildConfiguration;
			buildSettings = {
				ALWAYS_EMBED_SWIFT_STANDARD_LIBRARIES = YES;
				BUNDLE_LOADER = "$(TEST_HOST)";
				CODE_SIGN_STYLE = Automatic;
				INFOPLIST_FILE = FintechAppTests/Info.plist;
				IPHONEOS_DEPLOYMENT_TARGET = 14.0;
				LD_RUNPATH_SEARCH_PATHS = (
					"$(inherited)",
					"@executable_path/Frameworks",
					"@loader_path/Frameworks",
				);
				PRODUCT_BUNDLE_IDENTIFIER = me.FintechAppTests;
				PRODUCT_NAME = "$(TARGET_NAME)";
				SWIFT_VERSION = 5.0;
				TARGETED_DEVICE_FAMILY = "1,2";
				TEST_HOST = "$(BUILT_PRODUCTS_DIR)/FintechApp.app/FintechApp";
			};
			name = Debug;
		};
		07B3887325AF2142000BD0CF /* Release */ = {
			isa = XCBuildConfiguration;
			buildSettings = {
				ALWAYS_EMBED_SWIFT_STANDARD_LIBRARIES = YES;
				BUNDLE_LOADER = "$(TEST_HOST)";
				CODE_SIGN_STYLE = Automatic;
				INFOPLIST_FILE = FintechAppTests/Info.plist;
				IPHONEOS_DEPLOYMENT_TARGET = 14.0;
				LD_RUNPATH_SEARCH_PATHS = (
					"$(inherited)",
					"@executable_path/Frameworks",
					"@loader_path/Frameworks",
				);
				PRODUCT_BUNDLE_IDENTIFIER = me.FintechAppTests;
				PRODUCT_NAME = "$(TARGET_NAME)";
				SWIFT_VERSION = 5.0;
				TARGETED_DEVICE_FAMILY = "1,2";
				TEST_HOST = "$(BUILT_PRODUCTS_DIR)/FintechApp.app/FintechApp";
			};
			name = Release;
		};
		07B3887525AF2142000BD0CF /* Debug */ = {
			isa = XCBuildConfiguration;
			buildSettings = {
				ALWAYS_EMBED_SWIFT_STANDARD_LIBRARIES = YES;
				CODE_SIGN_STYLE = Automatic;
				INFOPLIST_FILE = FintechAppUITests/Info.plist;
				LD_RUNPATH_SEARCH_PATHS = (
					"$(inherited)",
					"@executable_path/Frameworks",
					"@loader_path/Frameworks",
				);
				PRODUCT_BUNDLE_IDENTIFIER = me.FintechAppUITests;
				PRODUCT_NAME = "$(TARGET_NAME)";
				SWIFT_VERSION = 5.0;
				TARGETED_DEVICE_FAMILY = "1,2";
				TEST_TARGET_NAME = FintechApp;
			};
			name = Debug;
		};
		07B3887625AF2142000BD0CF /* Release */ = {
			isa = XCBuildConfiguration;
			buildSettings = {
				ALWAYS_EMBED_SWIFT_STANDARD_LIBRARIES = YES;
				CODE_SIGN_STYLE = Automatic;
				INFOPLIST_FILE = FintechAppUITests/Info.plist;
				LD_RUNPATH_SEARCH_PATHS = (
					"$(inherited)",
					"@executable_path/Frameworks",
					"@loader_path/Frameworks",
				);
				PRODUCT_BUNDLE_IDENTIFIER = me.FintechAppUITests;
				PRODUCT_NAME = "$(TARGET_NAME)";
				SWIFT_VERSION = 5.0;
				TARGETED_DEVICE_FAMILY = "1,2";
				TEST_TARGET_NAME = FintechApp;
			};
			name = Release;
		};
/* End XCBuildConfiguration section */

/* Begin XCConfigurationList section */
		07B3884425AF213E000BD0CF /* Build configuration list for PBXProject "FintechApp" */ = {
			isa = XCConfigurationList;
			buildConfigurations = (
				07B3886C25AF2142000BD0CF /* Debug */,
				07B3886D25AF2142000BD0CF /* Release */,
			);
			defaultConfigurationIsVisible = 0;
			defaultConfigurationName = Release;
		};
		07B3886E25AF2142000BD0CF /* Build configuration list for PBXNativeTarget "FintechApp" */ = {
			isa = XCConfigurationList;
			buildConfigurations = (
				07B3886F25AF2142000BD0CF /* Debug */,
				07B3887025AF2142000BD0CF /* Release */,
			);
			defaultConfigurationIsVisible = 0;
			defaultConfigurationName = Release;
		};
		07B3887125AF2142000BD0CF /* Build configuration list for PBXNativeTarget "FintechAppTests" */ = {
			isa = XCConfigurationList;
			buildConfigurations = (
				07B3887225AF2142000BD0CF /* Debug */,
				07B3887325AF2142000BD0CF /* Release */,
			);
			defaultConfigurationIsVisible = 0;
			defaultConfigurationName = Release;
		};
		07B3887425AF2142000BD0CF /* Build configuration list for PBXNativeTarget "FintechAppUITests" */ = {
			isa = XCConfigurationList;
			buildConfigurations = (
				07B3887525AF2142000BD0CF /* Debug */,
				07B3887625AF2142000BD0CF /* Release */,
			);
			defaultConfigurationIsVisible = 0;
			defaultConfigurationName = Release;
		};
/* End XCConfigurationList section */
	};
	rootObject = 07B3884125AF213E000BD0CF /* Project object */;
}
